
Microsoft Visual Studio Solution File, Format Version 12.00
# Visual Studio Version 16
VisualStudioVersion = 16.0.32228.343
MinimumVisualStudioVersion = 10.0.40219.1
Project("{FAE04EC0-301F-11D3-BF4B-00C04F79EFBC}") = "FirstPractice", "FirstPractice\FirstPractice.csproj", "{ABA62FB9-A58E-475B-99BB-29100467D0DE}"
EndProject
Global
	GlobalSection(SolutionConfigurationPlatforms) = preSolution
		Debug|Any CPU = Debug|Any CPU
		Release|Any CPU = Release|Any CPU
	EndGlobalSection
	GlobalSection(ProjectConfigurationPlatforms) = postSolution
		{ABA62FB9-A58E-475B-99BB-29100467D0DE}.Debug|Any CPU.ActiveCfg = Debug|Any CPU
		{ABA62FB9-A58E-475B-99BB-29100467D0DE}.Debug|Any CPU.Build.0 = Debug|Any CPU
		{ABA62FB9-A58E-475B-99BB-29100467D0DE}.Release|Any CPU.ActiveCfg = Release|Any CPU
		{ABA62FB9-A58E-475B-99BB-29100467D0DE}.Release|Any CPU.Build.0 = Release|Any CPU
	EndGlobalSection
	GlobalSection(SolutionProperties) = preSolution
		HideSolutionNode = FALSE
	EndGlobalSection
	GlobalSection(ExtensibilityGlobals) = postSolution
		SolutionGuid = {8463BAC1-3063-4C0F-98A7-95A87F6C59B7}
	EndGlobalSection
EndGlobal
